
Microsoft Visual Studio Solution File, Format Version 12.00
# Visual Studio Version 17
Project("{8BC9CEB8-8B4A-11D0-8D11-00A0C91BC942}") = "ALL_BUILD", "ALL_BUILD.vcxproj", "{121A972B-2B59-39D6-9DA3-5ACAF1CDA81D}"
	ProjectSection(ProjectDependencies) = postProject
		{75EE58F9-8E68-315D-B577-805BBAA70E91} = {75EE58F9-8E68-315D-B577-805BBAA70E91}
		{BBD27A92-2003-3CA1-93C9-4BD9E311FAED} = {BBD27A92-2003-3CA1-93C9-4BD9E311FAED}
	EndProjectSection
EndProject
Project("{8BC9CEB8-8B4A-11D0-8D11-00A0C91BC942}") = "INSTALL", "INSTALL.vcxproj", "{B7FC971E-1B5E-395A-A55C-4A22B00E89F9}"
	ProjectSection(ProjectDependencies) = postProject
		{121A972B-2B59-39D6-9DA3-5ACAF1CDA81D} = {121A972B-2B59-39D6-9DA3-5ACAF1CDA81D}
		{75EE58F9-8E68-315D-B577-805BBAA70E91} = {75EE58F9-8E68-315D-B577-805BBAA70E91}
	EndProjectSection
EndProject
Project("{8BC9CEB8-8B4A-11D0-8D11-00A0C91BC942}") = "ZERO_CHECK", "..\\ZERO_CHECK.vcxproj", "{75EE58F9-8E68-315D-B577-805BBAA70E91}"
	ProjectSection(ProjectDependencies) = postProject
	EndProjectSection
EndProject
Project("{8BC9CEB8-8B4A-11D0-8D11-00A0C91BC942}") = "file_selector_windows_plugin", "..\plugins\file_selector_windows\file_selector_windows_plugin.vcxproj", "{07B1F6DD-569E-3CFE-B8B0-50C3017DE4B3}"
	ProjectSection(ProjectDependencies) = postProject
		{75EE58F9-8E68-315D-B577-805BBAA70E91} = {75EE58F9-8E68-315D-B577-805BBAA70E91}
		{95AF7958-397C-30F3-9024-CE0BC19A9B59} = {95AF7958-397C-30F3-9024-CE0BC19A9B59}
		{EA1D8531-4DA6-35E7-9DDC-072B8BDFF4F5} = {EA1D8531-4DA6-35E7-9DDC-072B8BDFF4F5}
	EndProjectSection
EndProject
Project("{8BC9CEB8-8B4A-11D0-8D11-00A0C91BC942}") = "flutter_assemble", "..\flutter\flutter_assemble.vcxproj", "{95AF7958-397C-30F3-9024-CE0BC19A9B59}"
	ProjectSection(ProjectDependencies) = postProject
		{75EE58F9-8E68-315D-B577-805BBAA70E91} = {75EE58F9-8E68-315D-B577-805BBAA70E91}
	EndProjectSection
EndProject
Project("{8BC9CEB8-8B4A-11D0-8D11-00A0C91BC942}") = "flutter_wrapper_app", "..\flutter\flutter_wrapper_app.vcxproj", "{CCAE21B8-3298-387C-BC34-D785E9A7C178}"
	ProjectSection(ProjectDependencies) = postProject
		{75EE58F9-8E68-315D-B577-805BBAA70E91} = {75EE58F9-8E68-315D-B577-805BBAA70E91}
		{95AF7958-397C-30F3-9024-CE0BC19A9B59} = {95AF7958-397C-30F3-9024-CE0BC19A9B59}
	EndProjectSection
EndProject
Project("{8BC9CEB8-8B4A-11D0-8D11-00A0C91BC942}") = "flutter_wrapper_plugin", "..\flutter\flutter_wrapper_plugin.vcxproj", "{EA1D8531-4DA6-35E7-9DDC-072B8BDFF4F5}"
	ProjectSection(ProjectDependencies) = postProject
		{75EE58F9-8E68-315D-B577-805BBAA70E91} = {75EE58F9-8E68-315D-B577-805BBAA70E91}
		{95AF7958-397C-30F3-9024-CE0BC19A9B59} = {95AF7958-397C-30F3-9024-CE0BC19A9B59}
	EndProjectSection
EndProject
Project("{8BC9CEB8-8B4A-11D0-8D11-00A0C91BC942}") = "stockzen", "stockzen.vcxproj", "{BBD27A92-2003-3CA1-93C9-4BD9E311FAED}"
	ProjectSection(ProjectDependencies) = postProject
		{75EE58F9-8E68-315D-B577-805BBAA70E91} = {75EE58F9-8E68-315D-B577-805BBAA70E91}
		{07B1F6DD-569E-3CFE-B8B0-50C3017DE4B3} = {07B1F6DD-569E-3CFE-B8B0-50C3017DE4B3}
		{95AF7958-397C-30F3-9024-CE0BC19A9B59} = {95AF7958-397C-30F3-9024-CE0BC19A9B59}
		{CCAE21B8-3298-387C-BC34-D785E9A7C178} = {CCAE21B8-3298-387C-BC34-D785E9A7C178}
	EndProjectSection
EndProject
Global
	GlobalSection(SolutionConfigurationPlatforms) = preSolution
		Debug|x64 = Debug|x64
		Profile|x64 = Profile|x64
		Release|x64 = Release|x64
	EndGlobalSection
	GlobalSection(ProjectConfigurationPlatforms) = postSolution
		{121A972B-2B59-39D6-9DA3-5ACAF1CDA81D}.Debug|x64.ActiveCfg = Debug|x64
		{121A972B-2B59-39D6-9DA3-5ACAF1CDA81D}.Debug|x64.Build.0 = Debug|x64
		{121A972B-2B59-39D6-9DA3-5ACAF1CDA81D}.Profile|x64.ActiveCfg = Profile|x64
		{121A972B-2B59-39D6-9DA3-5ACAF1CDA81D}.Profile|x64.Build.0 = Profile|x64
		{121A972B-2B59-39D6-9DA3-5ACAF1CDA81D}.Release|x64.ActiveCfg = Release|x64
		{121A972B-2B59-39D6-9DA3-5ACAF1CDA81D}.Release|x64.Build.0 = Release|x64
		{B7FC971E-1B5E-395A-A55C-4A22B00E89F9}.Debug|x64.ActiveCfg = Debug|x64
		{B7FC971E-1B5E-395A-A55C-4A22B00E89F9}.Profile|x64.ActiveCfg = Profile|x64
		{B7FC971E-1B5E-395A-A55C-4A22B00E89F9}.Release|x64.ActiveCfg = Release|x64
		{75EE58F9-8E68-315D-B577-805BBAA70E91}.Debug|x64.ActiveCfg = Debug|x64
		{75EE58F9-8E68-315D-B577-805BBAA70E91}.Debug|x64.Build.0 = Debug|x64
		{75EE58F9-8E68-315D-B577-805BBAA70E91}.Profile|x64.ActiveCfg = Profile|x64
		{75EE58F9-8E68-315D-B577-805BBAA70E91}.Profile|x64.Build.0 = Profile|x64
		{75EE58F9-8E68-315D-B577-805BBAA70E91}.Release|x64.ActiveCfg = Release|x64
		{75EE58F9-8E68-315D-B577-805BBAA70E91}.Release|x64.Build.0 = Release|x64
		{07B1F6DD-569E-3CFE-B8B0-50C3017DE4B3}.Debug|x64.ActiveCfg = Debug|x64
		{07B1F6DD-569E-3CFE-B8B0-50C3017DE4B3}.Debug|x64.Build.0 = Debug|x64
		{07B1F6DD-569E-3CFE-B8B0-50C3017DE4B3}.Profile|x64.ActiveCfg = Profile|x64
		{07B1F6DD-569E-3CFE-B8B0-50C3017DE4B3}.Profile|x64.Build.0 = Profile|x64
		{07B1F6DD-569E-3CFE-B8B0-50C3017DE4B3}.Release|x64.ActiveCfg = Release|x64
		{07B1F6DD-569E-3CFE-B8B0-50C3017DE4B3}.Release|x64.Build.0 = Release|x64
		{95AF7958-397C-30F3-9024-CE0BC19A9B59}.Debug|x64.ActiveCfg = Debug|x64
		{95AF7958-397C-30F3-9024-CE0BC19A9B59}.Debug|x64.Build.0 = Debug|x64
		{95AF7958-397C-30F3-9024-CE0BC19A9B59}.Profile|x64.ActiveCfg = Profile|x64
		{95AF7958-397C-30F3-9024-CE0BC19A9B59}.Profile|x64.Build.0 = Profile|x64
		{95AF7958-397C-30F3-9024-CE0BC19A9B59}.Release|x64.ActiveCfg = Release|x64
		{95AF7958-397C-30F3-9024-CE0BC19A9B59}.Release|x64.Build.0 = Release|x64
		{CCAE21B8-3298-387C-BC34-D785E9A7C178}.Debug|x64.ActiveCfg = Debug|x64
		{CCAE21B8-3298-387C-BC34-D785E9A7C178}.Debug|x64.Build.0 = Debug|x64
		{CCAE21B8-3298-387C-BC34-D785E9A7C178}.Profile|x64.ActiveCfg = Profile|x64
		{CCAE21B8-3298-387C-BC34-D785E9A7C178}.Profile|x64.Build.0 = Profile|x64
		{CCAE21B8-3298-387C-BC34-D785E9A7C178}.Release|x64.ActiveCfg = Release|x64
		{CCAE21B8-3298-387C-BC34-D785E9A7C178}.Release|x64.Build.0 = Release|x64
		{EA1D8531-4DA6-35E7-9DDC-072B8BDFF4F5}.Debug|x64.ActiveCfg = Debug|x64
		{EA1D8531-4DA6-35E7-9DDC-072B8BDFF4F5}.Debug|x64.Build.0 = Debug|x64
		{EA1D8531-4DA6-35E7-9DDC-072B8BDFF4F5}.Profile|x64.ActiveCfg = Profile|x64
		{EA1D8531-4DA6-35E7-9DDC-072B8BDFF4F5}.Profile|x64.Build.0 = Profile|x64
		{EA1D8531-4DA6-35E7-9DDC-072B8BDFF4F5}.Release|x64.ActiveCfg = Release|x64
		{EA1D8531-4DA6-35E7-9DDC-072B8BDFF4F5}.Release|x64.Build.0 = Release|x64
		{BBD27A92-2003-3CA1-93C9-4BD9E311FAED}.Debug|x64.ActiveCfg = Debug|x64
		{BBD27A92-2003-3CA1-93C9-4BD9E311FAED}.Debug|x64.Build.0 = Debug|x64
		{BBD27A92-2003-3CA1-93C9-4BD9E311FAED}.Profile|x64.ActiveCfg = Profile|x64
		{BBD27A92-2003-3CA1-93C9-4BD9E311FAED}.Profile|x64.Build.0 = Profile|x64
		{BBD27A92-2003-3CA1-93C9-4BD9E311FAED}.Release|x64.ActiveCfg = Release|x64
		{BBD27A92-2003-3CA1-93C9-4BD9E311FAED}.Release|x64.Build.0 = Release|x64
	EndGlobalSection
	GlobalSection(ExtensibilityGlobals) = postSolution
		SolutionGuid = {A18184A5-2E3C-35E8-B344-6296A5BE2765}
	EndGlobalSection
	GlobalSection(ExtensibilityAddIns) = postSolution
	EndGlobalSection
EndGlobal
